
Microsoft Visual Studio Solution File, Format Version 12.00
Project("{2150E333-8FDC-42A3-9474-1A3956D46DE8}") = "OrderService", "OrderService", "{1653EA1B-8721-448A-B30E-1368F9E22CBA}"
EndProject
Project("{2150E333-8FDC-42A3-9474-1A3956D46DE8}") = "Abstractions", "Abstractions", "{BD98D8BD-6615-4D76-A190-5AD3A003B026}"
EndProject
Project("{2150E333-8FDC-42A3-9474-1A3956D46DE8}") = "Implementations", "Implementations", "{3C66BE31-C060-433B-BAC0-23336CC62BD7}"
EndProject
Project("{FAE04EC0-301F-11D3-BF4B-00C04F79EFBC}") = "Gateway", "OrderService\Gateway\Gateway.csproj", "{27C7CC98-FAD3-44FE-9599-54D5DC77FAC0}"
EndProject
Project("{FAE04EC0-301F-11D3-BF4B-00C04F79EFBC}") = "Core.Abstractions", "OrderService\Abstractions\Core.Abstractions\Core.Abstractions.csproj", "{3E85279A-0DD2-4340-9203-C291789AB869}"
EndProject
Project("{FAE04EC0-301F-11D3-BF4B-00C04F79EFBC}") = "Dal.Abstractions", "OrderService\Abstractions\Dal.Abstractions\Dal.Abstractions.csproj", "{F80E83CF-91FD-42AF-85D1-4A2E08B61C32}"
EndProject
Project("{2150E333-8FDC-42A3-9474-1A3956D46DE8}") = "Clients", "OrderService\Clients", "{DF023F2A-BA83-40A7-833B-FA6F8866D91F}"
EndProject
Project("{FAE04EC0-301F-11D3-BF4B-00C04F79EFBC}") = "Core", "OrderService\Implementations\Core\Core.csproj", "{41525579-C715-4CC4-BC1F-1D5C3D9B0238}"
EndProject
Project("{FAE04EC0-301F-11D3-BF4B-00C04F79EFBC}") = "Dal", "OrderService\Implementations\Dal\Dal.csproj", "{30DA5B1E-3006-4A40-B57E-C9B706A7DDDC}"
EndProject
Project("{2150E333-8FDC-42A3-9474-1A3956D46DE8}") = "UserService", "UserService", "{1D60E90B-DD4F-4542-8C6E-434595072395}"
EndProject
Project("{2150E333-8FDC-42A3-9474-1A3956D46DE8}") = "Abstractions", "Abstractions", "{ED597543-DD56-4108-8319-FE3D04CBE1BD}"
EndProject
Project("{2150E333-8FDC-42A3-9474-1A3956D46DE8}") = "Implementations", "Implementations", "{FA4F5E95-470A-4E42-BE79-C5BD95346CE9}"
EndProject
Project("{2150E333-8FDC-42A3-9474-1A3956D46DE8}") = "Clients", "Clients", "{C938D7B9-D7FD-4675-ABEC-4163CB15C82C}"
EndProject
Project("{FAE04EC0-301F-11D3-BF4B-00C04F79EFBC}") = "Core.Abstractions", "UserService\Abstractions\Core.Abstractions\Core.Abstractions.csproj", "{1550FA44-2A01-4DEB-8009-CE2D5F32F3B6}"
EndProject
Project("{FAE04EC0-301F-11D3-BF4B-00C04F79EFBC}") = "Dal.Abstractions", "UserService\Abstractions\Dal.Abstractions\Dal.Abstractions.csproj", "{51F4E098-1412-4047-A284-CFB062F507B5}"
EndProject
Project("{FAE04EC0-301F-11D3-BF4B-00C04F79EFBC}") = "Core", "UserService\Implementations\Core\Core.csproj", "{3A836392-8BE4-4C28-802B-E50B5A0D39BB}"
EndProject
Project("{FAE04EC0-301F-11D3-BF4B-00C04F79EFBC}") = "Dal", "UserService\Implementations\Dal\Dal.csproj", "{1F0852BF-77B7-4D19-8887-0CE1820A2752}"
EndProject
Project("{FAE04EC0-301F-11D3-BF4B-00C04F79EFBC}") = "Gateway", "UserService\Gateway\Gateway.csproj", "{1BEB902D-C9FE-4710-A37E-303A8DA1AAC0}"
EndProject
Project("{2150E333-8FDC-42A3-9474-1A3956D46DE8}") = "VideoArchiveService", "VideoArchiveService", "{B879F8D5-8BD1-4FFB-86AD-B82F872F95A4}"
EndProject
Project("{2150E333-8FDC-42A3-9474-1A3956D46DE8}") = "Abstractions", "Abstractions", "{EA246A91-AD5B-4A4B-9368-EB35B0B17A85}"
EndProject
Project("{2150E333-8FDC-42A3-9474-1A3956D46DE8}") = "Implementations", "Implementations", "{2FDB64F3-55AD-44E2-B642-868C50EE1D56}"
EndProject
Project("{2150E333-8FDC-42A3-9474-1A3956D46DE8}") = "Clients", "Clients", "{703F61A0-A110-461E-A46B-0F6CEF495891}"
EndProject
Project("{FAE04EC0-301F-11D3-BF4B-00C04F79EFBC}") = "Gateway", "VideoArchiveService\Gateway\Gateway.csproj", "{E6426F91-C6A7-4AEC-AB2E-2C6F225EC7CC}"
EndProject
Project("{FAE04EC0-301F-11D3-BF4B-00C04F79EFBC}") = "Core.Abstractions", "VideoArchiveService\Abstractions\Core.Abstractions\Core.Abstractions.csproj", "{B8BA1B9A-748A-4DBB-8471-9486FA7DEF66}"
EndProject
Project("{FAE04EC0-301F-11D3-BF4B-00C04F79EFBC}") = "Dal.Abstractions", "VideoArchiveService\Abstractions\Dal.Abstractions\Dal.Abstractions.csproj", "{EAAA182E-0FD4-499A-B590-0A2DA604C96A}"
EndProject
Project("{FAE04EC0-301F-11D3-BF4B-00C04F79EFBC}") = "Core", "VideoArchiveService\Implementations\Core\Core.csproj", "{3BDDA5AB-7FE7-47E7-B9D9-309FA89D7C32}"
EndProject
Project("{FAE04EC0-301F-11D3-BF4B-00C04F79EFBC}") = "Dal", "VideoArchiveService\Implementations\Dal\Dal.csproj", "{E05F05B5-BB65-4E10-97FE-B6FCF1732359}"
EndProject
Project("{2150E333-8FDC-42A3-9474-1A3956D46DE8}") = "ResourceService", "ResourceService", "{9FE368B0-E7B4-4000-9820-FFE6B23A8AED}"
EndProject
Project("{2150E333-8FDC-42A3-9474-1A3956D46DE8}") = "Abstractions", "Abstractions", "{E5D514F1-0E85-4C64-BDB5-438F64A6861D}"
EndProject
Project("{2150E333-8FDC-42A3-9474-1A3956D46DE8}") = "Implementations", "Implementations", "{59BA60BA-FDF3-4B1C-973C-FE82BB7A281D}"
EndProject
Project("{FAE04EC0-301F-11D3-BF4B-00C04F79EFBC}") = "Gateway", "ResourceService\Gateway\Gateway.csproj", "{A8E3B7EF-AE02-4AE2-B466-CC52356E4C10}"
EndProject
Project("{FAE04EC0-301F-11D3-BF4B-00C04F79EFBC}") = "Core.Abstractions", "ResourceService\Abstractions\Core.Abstractions\Core.Abstractions.csproj", "{D62EDE6A-3E86-48B5-8B3F-BB99AEF95746}"
EndProject
Project("{FAE04EC0-301F-11D3-BF4B-00C04F79EFBC}") = "Dal.Abstractions", "ResourceService\Abstractions\Dal.Abstractions\Dal.Abstractions.csproj", "{441995A8-0C8F-4D36-A429-90C20739662A}"
EndProject
Project("{FAE04EC0-301F-11D3-BF4B-00C04F79EFBC}") = "Core", "ResourceService\Implementations\Core\Core.csproj", "{F93AE61F-1032-4590-80E0-6938FBED3DC3}"
EndProject
Project("{FAE04EC0-301F-11D3-BF4B-00C04F79EFBC}") = "Dal", "ResourceService\Implementations\Dal\Dal.csproj", "{8D3CB913-4D92-4E67-A7DA-43DD76AD9449}"
EndProject
Project("{2150E333-8FDC-42A3-9474-1A3956D46DE8}") = "NotificationService", "NotificationService", "{801C70EE-2F85-40D6-832A-98E0F6447E16}"
EndProject
Project("{2150E333-8FDC-42A3-9474-1A3956D46DE8}") = "Abstractions", "Abstractions", "{D3BC0A6C-D4BE-447D-B2BC-FCC54876D0A4}"
EndProject
Project("{2150E333-8FDC-42A3-9474-1A3956D46DE8}") = "Implementations", "Implementations", "{3D58F08D-D84B-43F1-ACBC-B1E82CAF1D04}"
EndProject
Project("{FAE04EC0-301F-11D3-BF4B-00C04F79EFBC}") = "Gateway", "NotificationService\Gateway\Gateway.csproj", "{765F3C71-A4AD-4F2C-A6C2-5C32319B155D}"
EndProject
Project("{FAE04EC0-301F-11D3-BF4B-00C04F79EFBC}") = "Core.Abstractions", "NotificationService\Abstractions\Core.Abstractions\Core.Abstractions.csproj", "{5C2FAC43-4676-4564-AE8C-344E2E1BAF70}"
EndProject
Project("{FAE04EC0-301F-11D3-BF4B-00C04F79EFBC}") = "Dal.Abstractions", "NotificationService\Abstractions\Dal.Abstractions\Dal.Abstractions.csproj", "{83E60C47-52D1-40A1-963C-18972046A8BB}"
EndProject
Project("{FAE04EC0-301F-11D3-BF4B-00C04F79EFBC}") = "Core", "NotificationService\Implementations\Core\Core.csproj", "{42B486A7-23F2-412E-82CA-C34454155728}"
EndProject
Project("{FAE04EC0-301F-11D3-BF4B-00C04F79EFBC}") = "Dal", "NotificationService\Implementations\Dal\Dal.csproj", "{3F0816CC-EF26-460E-80CF-72A94F61E59A}"
EndProject
Project("{2150E333-8FDC-42A3-9474-1A3956D46DE8}") = "AuditService", "AuditService", "{9B7C1D8E-F59E-480C-BC7F-E7FD657DA357}"
EndProject
Project("{2150E333-8FDC-42A3-9474-1A3956D46DE8}") = "Abstractions", "Abstractions", "{A6BD7E42-CA66-4A15-9248-9CC22B7F7317}"
EndProject
Project("{2150E333-8FDC-42A3-9474-1A3956D46DE8}") = "Implementations", "Implementations", "{F801AC10-D60D-4AF1-9DB7-768BF339F613}"
EndProject
Project("{FAE04EC0-301F-11D3-BF4B-00C04F79EFBC}") = "Gateway", "AuditService\Gateway\Gateway.csproj", "{249DB5B8-9AFC-494B-B3EC-7A00168E049E}"
EndProject
Project("{FAE04EC0-301F-11D3-BF4B-00C04F79EFBC}") = "Core.Abstractions", "AuditService\Abstractions\Core.Abstractions\Core.Abstractions.csproj", "{157B1785-F671-47BD-BE51-483BB4B8E3FE}"
EndProject
Project("{FAE04EC0-301F-11D3-BF4B-00C04F79EFBC}") = "Dal.Abstractions", "AuditService\Abstractions\Dal.Abstractions\Dal.Abstractions.csproj", "{2E7FF7F1-4A91-49BD-8E76-1EAFB412FAFB}"
EndProject
Project("{FAE04EC0-301F-11D3-BF4B-00C04F79EFBC}") = "Core", "AuditService\Implementations\Core\Core.csproj", "{267F3DE4-235D-4AFD-87EA-0AAA2500F51E}"
EndProject
Project("{FAE04EC0-301F-11D3-BF4B-00C04F79EFBC}") = "Dal", "AuditService\Implementations\Dal\Dal.csproj", "{C790D73C-E5D2-42E4-B7A1-8DED8C89E493}"
EndProject
Project("{2150E333-8FDC-42A3-9474-1A3956D46DE8}") = "Clients", "Clients", "{D1B2DC76-319B-46AF-97A8-C4D0C88D93D0}"
EndProject
Project("{2150E333-8FDC-42A3-9474-1A3956D46DE8}") = "Clients", "Clients", "{04C902EC-4CCA-4376-9489-E10DB8566157}"
EndProject
Project("{2150E333-8FDC-42A3-9474-1A3956D46DE8}") = "Clients", "Clients", "{73521456-3636-4DBF-95A3-8842B20B08A4}"
EndProject
Project("{FAE04EC0-301F-11D3-BF4B-00C04F79EFBC}") = "VideoOrdersPortal", "VideoOrdersPortal\VideoOrdersPortal.csproj", "{54B9D632-26AC-4DA1-8CD9-02B764ECFE76}"
EndProject
Project("{FAE04EC0-301F-11D3-BF4B-00C04F79EFBC}") = "NotificationClient.Abstractions", "OrderService\Abstractions\NotificationClient.Abstractions\NotificationClient.Abstractions.csproj", "{ADE01204-2DFA-4D00-A85A-2C1F001A1EC7}"
EndProject
Project("{FAE04EC0-301F-11D3-BF4B-00C04F79EFBC}") = "VideoArchiveClient.Abstractions", "OrderService\Abstractions\VideoArchiveClient.Abstractions\VideoArchiveClient.Abstractions.csproj", "{5A1772F4-49FC-4F64-83A6-0B6B8B9BE91A}"
EndProject
Project("{FAE04EC0-301F-11D3-BF4B-00C04F79EFBC}") = "NotificationClient.Adapter", "OrderService\NotificationClient.Adapter\NotificationClient.Adapter.csproj", "{2D94686A-75BE-4021-AEC5-3562311468AA}"
EndProject
Project("{FAE04EC0-301F-11D3-BF4B-00C04F79EFBC}") = "VideoArchiveClient.Adapter", "OrderService\VideoArchiveClient.Adapter\VideoArchiveClient.Adapter.csproj", "{59B75DE5-5D2F-4113-90F0-7CB443717D8D}"
EndProject
Project("{FAE04EC0-301F-11D3-BF4B-00C04F79EFBC}") = "UserService.Abstractions", "OrderService\Abstractions\UserService.Abstractions\UserService.Abstractions.csproj", "{6BCE2599-6F7D-47EB-AFB8-45A27A596EE9}"
EndProject
Project("{FAE04EC0-301F-11D3-BF4B-00C04F79EFBC}") = "UserServiceClient.Adapter", "OrderService\UserServiceClient.Adapter\UserServiceClient.Adapter.csproj", "{5327A99B-459B-49FD-A534-6D39337933AC}"
EndProject
Global
	GlobalSection(SolutionConfigurationPlatforms) = preSolution
		Debug|Any CPU = Debug|Any CPU
		Release|Any CPU = Release|Any CPU
	EndGlobalSection
	GlobalSection(ProjectConfigurationPlatforms) = postSolution
		{27C7CC98-FAD3-44FE-9599-54D5DC77FAC0}.Debug|Any CPU.ActiveCfg = Debug|Any CPU
		{27C7CC98-FAD3-44FE-9599-54D5DC77FAC0}.Debug|Any CPU.Build.0 = Debug|Any CPU
		{27C7CC98-FAD3-44FE-9599-54D5DC77FAC0}.Release|Any CPU.ActiveCfg = Release|Any CPU
		{27C7CC98-FAD3-44FE-9599-54D5DC77FAC0}.Release|Any CPU.Build.0 = Release|Any CPU
		{3E85279A-0DD2-4340-9203-C291789AB869}.Debug|Any CPU.ActiveCfg = Debug|Any CPU
		{3E85279A-0DD2-4340-9203-C291789AB869}.Debug|Any CPU.Build.0 = Debug|Any CPU
		{3E85279A-0DD2-4340-9203-C291789AB869}.Release|Any CPU.ActiveCfg = Release|Any CPU
		{3E85279A-0DD2-4340-9203-C291789AB869}.Release|Any CPU.Build.0 = Release|Any CPU
		{F80E83CF-91FD-42AF-85D1-4A2E08B61C32}.Debug|Any CPU.ActiveCfg = Debug|Any CPU
		{F80E83CF-91FD-42AF-85D1-4A2E08B61C32}.Debug|Any CPU.Build.0 = Debug|Any CPU
		{F80E83CF-91FD-42AF-85D1-4A2E08B61C32}.Release|Any CPU.ActiveCfg = Release|Any CPU
		{F80E83CF-91FD-42AF-85D1-4A2E08B61C32}.Release|Any CPU.Build.0 = Release|Any CPU
		{41525579-C715-4CC4-BC1F-1D5C3D9B0238}.Debug|Any CPU.ActiveCfg = Debug|Any CPU
		{41525579-C715-4CC4-BC1F-1D5C3D9B0238}.Debug|Any CPU.Build.0 = Debug|Any CPU
		{41525579-C715-4CC4-BC1F-1D5C3D9B0238}.Release|Any CPU.ActiveCfg = Release|Any CPU
		{41525579-C715-4CC4-BC1F-1D5C3D9B0238}.Release|Any CPU.Build.0 = Release|Any CPU
		{30DA5B1E-3006-4A40-B57E-C9B706A7DDDC}.Debug|Any CPU.ActiveCfg = Debug|Any CPU
		{30DA5B1E-3006-4A40-B57E-C9B706A7DDDC}.Debug|Any CPU.Build.0 = Debug|Any CPU
		{30DA5B1E-3006-4A40-B57E-C9B706A7DDDC}.Release|Any CPU.ActiveCfg = Release|Any CPU
		{30DA5B1E-3006-4A40-B57E-C9B706A7DDDC}.Release|Any CPU.Build.0 = Release|Any CPU
		{1550FA44-2A01-4DEB-8009-CE2D5F32F3B6}.Debug|Any CPU.ActiveCfg = Debug|Any CPU
		{1550FA44-2A01-4DEB-8009-CE2D5F32F3B6}.Debug|Any CPU.Build.0 = Debug|Any CPU
		{1550FA44-2A01-4DEB-8009-CE2D5F32F3B6}.Release|Any CPU.ActiveCfg = Release|Any CPU
		{1550FA44-2A01-4DEB-8009-CE2D5F32F3B6}.Release|Any CPU.Build.0 = Release|Any CPU
		{51F4E098-1412-4047-A284-CFB062F507B5}.Debug|Any CPU.ActiveCfg = Debug|Any CPU
		{51F4E098-1412-4047-A284-CFB062F507B5}.Debug|Any CPU.Build.0 = Debug|Any CPU
		{51F4E098-1412-4047-A284-CFB062F507B5}.Release|Any CPU.ActiveCfg = Release|Any CPU
		{51F4E098-1412-4047-A284-CFB062F507B5}.Release|Any CPU.Build.0 = Release|Any CPU
		{3A836392-8BE4-4C28-802B-E50B5A0D39BB}.Debug|Any CPU.ActiveCfg = Debug|Any CPU
		{3A836392-8BE4-4C28-802B-E50B5A0D39BB}.Debug|Any CPU.Build.0 = Debug|Any CPU
		{3A836392-8BE4-4C28-802B-E50B5A0D39BB}.Release|Any CPU.ActiveCfg = Release|Any CPU
		{3A836392-8BE4-4C28-802B-E50B5A0D39BB}.Release|Any CPU.Build.0 = Release|Any CPU
		{1F0852BF-77B7-4D19-8887-0CE1820A2752}.Debug|Any CPU.ActiveCfg = Debug|Any CPU
		{1F0852BF-77B7-4D19-8887-0CE1820A2752}.Debug|Any CPU.Build.0 = Debug|Any CPU
		{1F0852BF-77B7-4D19-8887-0CE1820A2752}.Release|Any CPU.ActiveCfg = Release|Any CPU
		{1F0852BF-77B7-4D19-8887-0CE1820A2752}.Release|Any CPU.Build.0 = Release|Any CPU
		{1BEB902D-C9FE-4710-A37E-303A8DA1AAC0}.Debug|Any CPU.ActiveCfg = Debug|Any CPU
		{1BEB902D-C9FE-4710-A37E-303A8DA1AAC0}.Debug|Any CPU.Build.0 = Debug|Any CPU
		{1BEB902D-C9FE-4710-A37E-303A8DA1AAC0}.Release|Any CPU.ActiveCfg = Release|Any CPU
		{1BEB902D-C9FE-4710-A37E-303A8DA1AAC0}.Release|Any CPU.Build.0 = Release|Any CPU
		{E6426F91-C6A7-4AEC-AB2E-2C6F225EC7CC}.Debug|Any CPU.ActiveCfg = Debug|Any CPU
		{E6426F91-C6A7-4AEC-AB2E-2C6F225EC7CC}.Debug|Any CPU.Build.0 = Debug|Any CPU
		{E6426F91-C6A7-4AEC-AB2E-2C6F225EC7CC}.Release|Any CPU.ActiveCfg = Release|Any CPU
		{E6426F91-C6A7-4AEC-AB2E-2C6F225EC7CC}.Release|Any CPU.Build.0 = Release|Any CPU
		{B8BA1B9A-748A-4DBB-8471-9486FA7DEF66}.Debug|Any CPU.ActiveCfg = Debug|Any CPU
		{B8BA1B9A-748A-4DBB-8471-9486FA7DEF66}.Debug|Any CPU.Build.0 = Debug|Any CPU
		{B8BA1B9A-748A-4DBB-8471-9486FA7DEF66}.Release|Any CPU.ActiveCfg = Release|Any CPU
		{B8BA1B9A-748A-4DBB-8471-9486FA7DEF66}.Release|Any CPU.Build.0 = Release|Any CPU
		{EAAA182E-0FD4-499A-B590-0A2DA604C96A}.Debug|Any CPU.ActiveCfg = Debug|Any CPU
		{EAAA182E-0FD4-499A-B590-0A2DA604C96A}.Debug|Any CPU.Build.0 = Debug|Any CPU
		{EAAA182E-0FD4-499A-B590-0A2DA604C96A}.Release|Any CPU.ActiveCfg = Release|Any CPU
		{EAAA182E-0FD4-499A-B590-0A2DA604C96A}.Release|Any CPU.Build.0 = Release|Any CPU
		{3BDDA5AB-7FE7-47E7-B9D9-309FA89D7C32}.Debug|Any CPU.ActiveCfg = Debug|Any CPU
		{3BDDA5AB-7FE7-47E7-B9D9-309FA89D7C32}.Debug|Any CPU.Build.0 = Debug|Any CPU
		{3BDDA5AB-7FE7-47E7-B9D9-309FA89D7C32}.Release|Any CPU.ActiveCfg = Release|Any CPU
		{3BDDA5AB-7FE7-47E7-B9D9-309FA89D7C32}.Release|Any CPU.Build.0 = Release|Any CPU
		{E05F05B5-BB65-4E10-97FE-B6FCF1732359}.Debug|Any CPU.ActiveCfg = Debug|Any CPU
		{E05F05B5-BB65-4E10-97FE-B6FCF1732359}.Debug|Any CPU.Build.0 = Debug|Any CPU
		{E05F05B5-BB65-4E10-97FE-B6FCF1732359}.Release|Any CPU.ActiveCfg = Release|Any CPU
		{E05F05B5-BB65-4E10-97FE-B6FCF1732359}.Release|Any CPU.Build.0 = Release|Any CPU
		{A8E3B7EF-AE02-4AE2-B466-CC52356E4C10}.Debug|Any CPU.ActiveCfg = Debug|Any CPU
		{A8E3B7EF-AE02-4AE2-B466-CC52356E4C10}.Debug|Any CPU.Build.0 = Debug|Any CPU
		{A8E3B7EF-AE02-4AE2-B466-CC52356E4C10}.Release|Any CPU.ActiveCfg = Release|Any CPU
		{A8E3B7EF-AE02-4AE2-B466-CC52356E4C10}.Release|Any CPU.Build.0 = Release|Any CPU
		{D62EDE6A-3E86-48B5-8B3F-BB99AEF95746}.Debug|Any CPU.ActiveCfg = Debug|Any CPU
		{D62EDE6A-3E86-48B5-8B3F-BB99AEF95746}.Debug|Any CPU.Build.0 = Debug|Any CPU
		{D62EDE6A-3E86-48B5-8B3F-BB99AEF95746}.Release|Any CPU.ActiveCfg = Release|Any CPU
		{D62EDE6A-3E86-48B5-8B3F-BB99AEF95746}.Release|Any CPU.Build.0 = Release|Any CPU
		{441995A8-0C8F-4D36-A429-90C20739662A}.Debug|Any CPU.ActiveCfg = Debug|Any CPU
		{441995A8-0C8F-4D36-A429-90C20739662A}.Debug|Any CPU.Build.0 = Debug|Any CPU
		{441995A8-0C8F-4D36-A429-90C20739662A}.Release|Any CPU.ActiveCfg = Release|Any CPU
		{441995A8-0C8F-4D36-A429-90C20739662A}.Release|Any CPU.Build.0 = Release|Any CPU
		{F93AE61F-1032-4590-80E0-6938FBED3DC3}.Debug|Any CPU.ActiveCfg = Debug|Any CPU
		{F93AE61F-1032-4590-80E0-6938FBED3DC3}.Debug|Any CPU.Build.0 = Debug|Any CPU
		{F93AE61F-1032-4590-80E0-6938FBED3DC3}.Release|Any CPU.ActiveCfg = Release|Any CPU
		{F93AE61F-1032-4590-80E0-6938FBED3DC3}.Release|Any CPU.Build.0 = Release|Any CPU
		{8D3CB913-4D92-4E67-A7DA-43DD76AD9449}.Debug|Any CPU.ActiveCfg = Debug|Any CPU
		{8D3CB913-4D92-4E67-A7DA-43DD76AD9449}.Debug|Any CPU.Build.0 = Debug|Any CPU
		{8D3CB913-4D92-4E67-A7DA-43DD76AD9449}.Release|Any CPU.ActiveCfg = Release|Any CPU
		{8D3CB913-4D92-4E67-A7DA-43DD76AD9449}.Release|Any CPU.Build.0 = Release|Any CPU
		{765F3C71-A4AD-4F2C-A6C2-5C32319B155D}.Debug|Any CPU.ActiveCfg = Debug|Any CPU
		{765F3C71-A4AD-4F2C-A6C2-5C32319B155D}.Debug|Any CPU.Build.0 = Debug|Any CPU
		{765F3C71-A4AD-4F2C-A6C2-5C32319B155D}.Release|Any CPU.ActiveCfg = Release|Any CPU
		{765F3C71-A4AD-4F2C-A6C2-5C32319B155D}.Release|Any CPU.Build.0 = Release|Any CPU
		{5C2FAC43-4676-4564-AE8C-344E2E1BAF70}.Debug|Any CPU.ActiveCfg = Debug|Any CPU
		{5C2FAC43-4676-4564-AE8C-344E2E1BAF70}.Debug|Any CPU.Build.0 = Debug|Any CPU
		{5C2FAC43-4676-4564-AE8C-344E2E1BAF70}.Release|Any CPU.ActiveCfg = Release|Any CPU
		{5C2FAC43-4676-4564-AE8C-344E2E1BAF70}.Release|Any CPU.Build.0 = Release|Any CPU
		{83E60C47-52D1-40A1-963C-18972046A8BB}.Debug|Any CPU.ActiveCfg = Debug|Any CPU
		{83E60C47-52D1-40A1-963C-18972046A8BB}.Debug|Any CPU.Build.0 = Debug|Any CPU
		{83E60C47-52D1-40A1-963C-18972046A8BB}.Release|Any CPU.ActiveCfg = Release|Any CPU
		{83E60C47-52D1-40A1-963C-18972046A8BB}.Release|Any CPU.Build.0 = Release|Any CPU
		{42B486A7-23F2-412E-82CA-C34454155728}.Debug|Any CPU.ActiveCfg = Debug|Any CPU
		{42B486A7-23F2-412E-82CA-C34454155728}.Debug|Any CPU.Build.0 = Debug|Any CPU
		{42B486A7-23F2-412E-82CA-C34454155728}.Release|Any CPU.ActiveCfg = Release|Any CPU
		{42B486A7-23F2-412E-82CA-C34454155728}.Release|Any CPU.Build.0 = Release|Any CPU
		{3F0816CC-EF26-460E-80CF-72A94F61E59A}.Debug|Any CPU.ActiveCfg = Debug|Any CPU
		{3F0816CC-EF26-460E-80CF-72A94F61E59A}.Debug|Any CPU.Build.0 = Debug|Any CPU
		{3F0816CC-EF26-460E-80CF-72A94F61E59A}.Release|Any CPU.ActiveCfg = Release|Any CPU
		{3F0816CC-EF26-460E-80CF-72A94F61E59A}.Release|Any CPU.Build.0 = Release|Any CPU
		{249DB5B8-9AFC-494B-B3EC-7A00168E049E}.Debug|Any CPU.ActiveCfg = Debug|Any CPU
		{249DB5B8-9AFC-494B-B3EC-7A00168E049E}.Debug|Any CPU.Build.0 = Debug|Any CPU
		{249DB5B8-9AFC-494B-B3EC-7A00168E049E}.Release|Any CPU.ActiveCfg = Release|Any CPU
		{249DB5B8-9AFC-494B-B3EC-7A00168E049E}.Release|Any CPU.Build.0 = Release|Any CPU
		{157B1785-F671-47BD-BE51-483BB4B8E3FE}.Debug|Any CPU.ActiveCfg = Debug|Any CPU
		{157B1785-F671-47BD-BE51-483BB4B8E3FE}.Debug|Any CPU.Build.0 = Debug|Any CPU
		{157B1785-F671-47BD-BE51-483BB4B8E3FE}.Release|Any CPU.ActiveCfg = Release|Any CPU
		{157B1785-F671-47BD-BE51-483BB4B8E3FE}.Release|Any CPU.Build.0 = Release|Any CPU
		{2E7FF7F1-4A91-49BD-8E76-1EAFB412FAFB}.Debug|Any CPU.ActiveCfg = Debug|Any CPU
		{2E7FF7F1-4A91-49BD-8E76-1EAFB412FAFB}.Debug|Any CPU.Build.0 = Debug|Any CPU
		{2E7FF7F1-4A91-49BD-8E76-1EAFB412FAFB}.Release|Any CPU.ActiveCfg = Release|Any CPU
		{2E7FF7F1-4A91-49BD-8E76-1EAFB412FAFB}.Release|Any CPU.Build.0 = Release|Any CPU
		{267F3DE4-235D-4AFD-87EA-0AAA2500F51E}.Debug|Any CPU.ActiveCfg = Debug|Any CPU
		{267F3DE4-235D-4AFD-87EA-0AAA2500F51E}.Debug|Any CPU.Build.0 = Debug|Any CPU
		{267F3DE4-235D-4AFD-87EA-0AAA2500F51E}.Release|Any CPU.ActiveCfg = Release|Any CPU
		{267F3DE4-235D-4AFD-87EA-0AAA2500F51E}.Release|Any CPU.Build.0 = Release|Any CPU
		{C790D73C-E5D2-42E4-B7A1-8DED8C89E493}.Debug|Any CPU.ActiveCfg = Debug|Any CPU
		{C790D73C-E5D2-42E4-B7A1-8DED8C89E493}.Debug|Any CPU.Build.0 = Debug|Any CPU
		{C790D73C-E5D2-42E4-B7A1-8DED8C89E493}.Release|Any CPU.ActiveCfg = Release|Any CPU
		{C790D73C-E5D2-42E4-B7A1-8DED8C89E493}.Release|Any CPU.Build.0 = Release|Any CPU
		{54B9D632-26AC-4DA1-8CD9-02B764ECFE76}.Debug|Any CPU.ActiveCfg = Debug|Any CPU
		{54B9D632-26AC-4DA1-8CD9-02B764ECFE76}.Debug|Any CPU.Build.0 = Debug|Any CPU
		{54B9D632-26AC-4DA1-8CD9-02B764ECFE76}.Release|Any CPU.ActiveCfg = Release|Any CPU
		{54B9D632-26AC-4DA1-8CD9-02B764ECFE76}.Release|Any CPU.Build.0 = Release|Any CPU
		{ADE01204-2DFA-4D00-A85A-2C1F001A1EC7}.Debug|Any CPU.ActiveCfg = Debug|Any CPU
		{ADE01204-2DFA-4D00-A85A-2C1F001A1EC7}.Debug|Any CPU.Build.0 = Debug|Any CPU
		{ADE01204-2DFA-4D00-A85A-2C1F001A1EC7}.Release|Any CPU.ActiveCfg = Release|Any CPU
		{ADE01204-2DFA-4D00-A85A-2C1F001A1EC7}.Release|Any CPU.Build.0 = Release|Any CPU
		{5A1772F4-49FC-4F64-83A6-0B6B8B9BE91A}.Debug|Any CPU.ActiveCfg = Debug|Any CPU
		{5A1772F4-49FC-4F64-83A6-0B6B8B9BE91A}.Debug|Any CPU.Build.0 = Debug|Any CPU
		{5A1772F4-49FC-4F64-83A6-0B6B8B9BE91A}.Release|Any CPU.ActiveCfg = Release|Any CPU
		{5A1772F4-49FC-4F64-83A6-0B6B8B9BE91A}.Release|Any CPU.Build.0 = Release|Any CPU
		{2D94686A-75BE-4021-AEC5-3562311468AA}.Debug|Any CPU.ActiveCfg = Debug|Any CPU
		{2D94686A-75BE-4021-AEC5-3562311468AA}.Debug|Any CPU.Build.0 = Debug|Any CPU
		{2D94686A-75BE-4021-AEC5-3562311468AA}.Release|Any CPU.ActiveCfg = Release|Any CPU
		{2D94686A-75BE-4021-AEC5-3562311468AA}.Release|Any CPU.Build.0 = Release|Any CPU
		{59B75DE5-5D2F-4113-90F0-7CB443717D8D}.Debug|Any CPU.ActiveCfg = Debug|Any CPU
		{59B75DE5-5D2F-4113-90F0-7CB443717D8D}.Debug|Any CPU.Build.0 = Debug|Any CPU
		{59B75DE5-5D2F-4113-90F0-7CB443717D8D}.Release|Any CPU.ActiveCfg = Release|Any CPU
		{59B75DE5-5D2F-4113-90F0-7CB443717D8D}.Release|Any CPU.Build.0 = Release|Any CPU
		{6BCE2599-6F7D-47EB-AFB8-45A27A596EE9}.Debug|Any CPU.ActiveCfg = Debug|Any CPU
		{6BCE2599-6F7D-47EB-AFB8-45A27A596EE9}.Debug|Any CPU.Build.0 = Debug|Any CPU
		{6BCE2599-6F7D-47EB-AFB8-45A27A596EE9}.Release|Any CPU.ActiveCfg = Release|Any CPU
		{6BCE2599-6F7D-47EB-AFB8-45A27A596EE9}.Release|Any CPU.Build.0 = Release|Any CPU
		{5327A99B-459B-49FD-A534-6D39337933AC}.Debug|Any CPU.ActiveCfg = Debug|Any CPU
		{5327A99B-459B-49FD-A534-6D39337933AC}.Debug|Any CPU.Build.0 = Debug|Any CPU
		{5327A99B-459B-49FD-A534-6D39337933AC}.Release|Any CPU.ActiveCfg = Release|Any CPU
		{5327A99B-459B-49FD-A534-6D39337933AC}.Release|Any CPU.Build.0 = Release|Any CPU
	EndGlobalSection
	GlobalSection(NestedProjects) = preSolution
		{BD98D8BD-6615-4D76-A190-5AD3A003B026} = {1653EA1B-8721-448A-B30E-1368F9E22CBA}
		{3C66BE31-C060-433B-BAC0-23336CC62BD7} = {1653EA1B-8721-448A-B30E-1368F9E22CBA}
		{27C7CC98-FAD3-44FE-9599-54D5DC77FAC0} = {1653EA1B-8721-448A-B30E-1368F9E22CBA}
		{3E85279A-0DD2-4340-9203-C291789AB869} = {BD98D8BD-6615-4D76-A190-5AD3A003B026}
		{F80E83CF-91FD-42AF-85D1-4A2E08B61C32} = {BD98D8BD-6615-4D76-A190-5AD3A003B026}
		{DF023F2A-BA83-40A7-833B-FA6F8866D91F} = {1653EA1B-8721-448A-B30E-1368F9E22CBA}
		{41525579-C715-4CC4-BC1F-1D5C3D9B0238} = {3C66BE31-C060-433B-BAC0-23336CC62BD7}
		{30DA5B1E-3006-4A40-B57E-C9B706A7DDDC} = {3C66BE31-C060-433B-BAC0-23336CC62BD7}
		{ED597543-DD56-4108-8319-FE3D04CBE1BD} = {1D60E90B-DD4F-4542-8C6E-434595072395}
		{FA4F5E95-470A-4E42-BE79-C5BD95346CE9} = {1D60E90B-DD4F-4542-8C6E-434595072395}
		{C938D7B9-D7FD-4675-ABEC-4163CB15C82C} = {1D60E90B-DD4F-4542-8C6E-434595072395}
		{1550FA44-2A01-4DEB-8009-CE2D5F32F3B6} = {ED597543-DD56-4108-8319-FE3D04CBE1BD}
		{51F4E098-1412-4047-A284-CFB062F507B5} = {ED597543-DD56-4108-8319-FE3D04CBE1BD}
		{3A836392-8BE4-4C28-802B-E50B5A0D39BB} = {FA4F5E95-470A-4E42-BE79-C5BD95346CE9}
		{1F0852BF-77B7-4D19-8887-0CE1820A2752} = {FA4F5E95-470A-4E42-BE79-C5BD95346CE9}
		{1BEB902D-C9FE-4710-A37E-303A8DA1AAC0} = {1D60E90B-DD4F-4542-8C6E-434595072395}
		{EA246A91-AD5B-4A4B-9368-EB35B0B17A85} = {B879F8D5-8BD1-4FFB-86AD-B82F872F95A4}
		{2FDB64F3-55AD-44E2-B642-868C50EE1D56} = {B879F8D5-8BD1-4FFB-86AD-B82F872F95A4}
		{703F61A0-A110-461E-A46B-0F6CEF495891} = {B879F8D5-8BD1-4FFB-86AD-B82F872F95A4}
		{E6426F91-C6A7-4AEC-AB2E-2C6F225EC7CC} = {B879F8D5-8BD1-4FFB-86AD-B82F872F95A4}
		{B8BA1B9A-748A-4DBB-8471-9486FA7DEF66} = {EA246A91-AD5B-4A4B-9368-EB35B0B17A85}
		{EAAA182E-0FD4-499A-B590-0A2DA604C96A} = {EA246A91-AD5B-4A4B-9368-EB35B0B17A85}
		{3BDDA5AB-7FE7-47E7-B9D9-309FA89D7C32} = {2FDB64F3-55AD-44E2-B642-868C50EE1D56}
		{E05F05B5-BB65-4E10-97FE-B6FCF1732359} = {2FDB64F3-55AD-44E2-B642-868C50EE1D56}
		{E5D514F1-0E85-4C64-BDB5-438F64A6861D} = {9FE368B0-E7B4-4000-9820-FFE6B23A8AED}
		{59BA60BA-FDF3-4B1C-973C-FE82BB7A281D} = {9FE368B0-E7B4-4000-9820-FFE6B23A8AED}
		{A8E3B7EF-AE02-4AE2-B466-CC52356E4C10} = {9FE368B0-E7B4-4000-9820-FFE6B23A8AED}
		{D62EDE6A-3E86-48B5-8B3F-BB99AEF95746} = {E5D514F1-0E85-4C64-BDB5-438F64A6861D}
		{441995A8-0C8F-4D36-A429-90C20739662A} = {E5D514F1-0E85-4C64-BDB5-438F64A6861D}
		{F93AE61F-1032-4590-80E0-6938FBED3DC3} = {59BA60BA-FDF3-4B1C-973C-FE82BB7A281D}
		{8D3CB913-4D92-4E67-A7DA-43DD76AD9449} = {59BA60BA-FDF3-4B1C-973C-FE82BB7A281D}
		{D3BC0A6C-D4BE-447D-B2BC-FCC54876D0A4} = {801C70EE-2F85-40D6-832A-98E0F6447E16}
		{3D58F08D-D84B-43F1-ACBC-B1E82CAF1D04} = {801C70EE-2F85-40D6-832A-98E0F6447E16}
		{765F3C71-A4AD-4F2C-A6C2-5C32319B155D} = {801C70EE-2F85-40D6-832A-98E0F6447E16}
		{5C2FAC43-4676-4564-AE8C-344E2E1BAF70} = {D3BC0A6C-D4BE-447D-B2BC-FCC54876D0A4}
		{83E60C47-52D1-40A1-963C-18972046A8BB} = {D3BC0A6C-D4BE-447D-B2BC-FCC54876D0A4}
		{42B486A7-23F2-412E-82CA-C34454155728} = {3D58F08D-D84B-43F1-ACBC-B1E82CAF1D04}
		{3F0816CC-EF26-460E-80CF-72A94F61E59A} = {3D58F08D-D84B-43F1-ACBC-B1E82CAF1D04}
		{A6BD7E42-CA66-4A15-9248-9CC22B7F7317} = {9B7C1D8E-F59E-480C-BC7F-E7FD657DA357}
		{F801AC10-D60D-4AF1-9DB7-768BF339F613} = {9B7C1D8E-F59E-480C-BC7F-E7FD657DA357}
		{249DB5B8-9AFC-494B-B3EC-7A00168E049E} = {9B7C1D8E-F59E-480C-BC7F-E7FD657DA357}
		{157B1785-F671-47BD-BE51-483BB4B8E3FE} = {A6BD7E42-CA66-4A15-9248-9CC22B7F7317}
		{2E7FF7F1-4A91-49BD-8E76-1EAFB412FAFB} = {A6BD7E42-CA66-4A15-9248-9CC22B7F7317}
		{267F3DE4-235D-4AFD-87EA-0AAA2500F51E} = {F801AC10-D60D-4AF1-9DB7-768BF339F613}
		{C790D73C-E5D2-42E4-B7A1-8DED8C89E493} = {F801AC10-D60D-4AF1-9DB7-768BF339F613}
		{D1B2DC76-319B-46AF-97A8-C4D0C88D93D0} = {9B7C1D8E-F59E-480C-BC7F-E7FD657DA357}
		{04C902EC-4CCA-4376-9489-E10DB8566157} = {801C70EE-2F85-40D6-832A-98E0F6447E16}
		{73521456-3636-4DBF-95A3-8842B20B08A4} = {9FE368B0-E7B4-4000-9820-FFE6B23A8AED}
		{ADE01204-2DFA-4D00-A85A-2C1F001A1EC7} = {BD98D8BD-6615-4D76-A190-5AD3A003B026}
		{5A1772F4-49FC-4F64-83A6-0B6B8B9BE91A} = {BD98D8BD-6615-4D76-A190-5AD3A003B026}
		{2D94686A-75BE-4021-AEC5-3562311468AA} = {DF023F2A-BA83-40A7-833B-FA6F8866D91F}
		{59B75DE5-5D2F-4113-90F0-7CB443717D8D} = {DF023F2A-BA83-40A7-833B-FA6F8866D91F}
		{6BCE2599-6F7D-47EB-AFB8-45A27A596EE9} = {BD98D8BD-6615-4D76-A190-5AD3A003B026}
		{5327A99B-459B-49FD-A534-6D39337933AC} = {DF023F2A-BA83-40A7-833B-FA6F8866D91F}
	EndGlobalSection
EndGlobal
